
Microsoft Visual Studio Solution File, Format Version 12.00
# Visual Studio Version 16
VisualStudioVersion = 16.0.29806.167
MinimumVisualStudioVersion = 10.0.40219.1
Project("{9A19103F-16F7-4668-BE54-9A1E7A4F7556}") = "UserManagement.Application", "UserManagement.Application\UserManagement.Application.csproj", "{3DCF1726-0988-4FFC-9752-886E47AC7F4F}"
EndProject
Project("{9A19103F-16F7-4668-BE54-9A1E7A4F7556}") = "UserManagement.Application.Contracts", "UserManagement.Application.Contracts\UserManagement.Application.Contracts.csproj", "{232C6F89-7E1B-406E-AA34-92796768B847}"
EndProject
Project("{9A19103F-16F7-4668-BE54-9A1E7A4F7556}") = "UserManagement.Domain", "UserManagement.Domain\UserManagement.Domain.csproj", "{EFF6F545-DF83-44EF-AEE5-239AB5454198}"
EndProject
Project("{9A19103F-16F7-4668-BE54-9A1E7A4F7556}") = "UserManagement.Domain.Shared", "UserManagement.Domain.Shared\UserManagement.Domain.Shared.csproj", "{45D19A72-0431-467C-B1BC-B452BDA0DD28}"
EndProject
Project("{9A19103F-16F7-4668-BE54-9A1E7A4F7556}") = "UserManagement.EntityFrameworkCore", "UserManagement.EntityFrameworkCore\UserManagement.EntityFrameworkCore.csproj", "{7976F995-8242-4EC2-B90F-8AFF47806365}"
EndProject
Project("{9A19103F-16F7-4668-BE54-9A1E7A4F7556}") = "UserManagement.HttpApi", "UserManagement.HttpApi\UserManagement.HttpApi.csproj", "{AE47CB97-7FB9-46C6-B62D-F6ABB9BD3DE8}"
EndProject
Project("{FAE04EC0-301F-11D3-BF4B-00C04F79EFBC}") = "UserManagement.HttpApi.Host", "UserManagement.HttpApi.Host\UserManagement.HttpApi.Host.csproj", "{8C38BB75-F74A-4EE9-8E27-053BB66C1E73}"
EndProject
Global
	GlobalSection(SolutionConfigurationPlatforms) = preSolution
		Debug|Any CPU = Debug|Any CPU
		Release|Any CPU = Release|Any CPU
	EndGlobalSection
	GlobalSection(ProjectConfigurationPlatforms) = postSolution
		{3DCF1726-0988-4FFC-9752-886E47AC7F4F}.Debug|Any CPU.ActiveCfg = Debug|Any CPU
		{3DCF1726-0988-4FFC-9752-886E47AC7F4F}.Debug|Any CPU.Build.0 = Debug|Any CPU
		{3DCF1726-0988-4FFC-9752-886E47AC7F4F}.Release|Any CPU.ActiveCfg = Release|Any CPU
		{3DCF1726-0988-4FFC-9752-886E47AC7F4F}.Release|Any CPU.Build.0 = Release|Any CPU
		{232C6F89-7E1B-406E-AA34-92796768B847}.Debug|Any CPU.ActiveCfg = Debug|Any CPU
		{232C6F89-7E1B-406E-AA34-92796768B847}.Debug|Any CPU.Build.0 = Debug|Any CPU
		{232C6F89-7E1B-406E-AA34-92796768B847}.Release|Any CPU.ActiveCfg = Release|Any CPU
		{232C6F89-7E1B-406E-AA34-92796768B847}.Release|Any CPU.Build.0 = Release|Any CPU
		{EFF6F545-DF83-44EF-AEE5-239AB5454198}.Debug|Any CPU.ActiveCfg = Debug|Any CPU
		{EFF6F545-DF83-44EF-AEE5-239AB5454198}.Debug|Any CPU.Build.0 = Debug|Any CPU
		{EFF6F545-DF83-44EF-AEE5-239AB5454198}.Release|Any CPU.ActiveCfg = Release|Any CPU
		{EFF6F545-DF83-44EF-AEE5-239AB5454198}.Release|Any CPU.Build.0 = Release|Any CPU
		{45D19A72-0431-467C-B1BC-B452BDA0DD28}.Debug|Any CPU.ActiveCfg = Debug|Any CPU
		{45D19A72-0431-467C-B1BC-B452BDA0DD28}.Debug|Any CPU.Build.0 = Debug|Any CPU
		{45D19A72-0431-467C-B1BC-B452BDA0DD28}.Release|Any CPU.ActiveCfg = Release|Any CPU
		{45D19A72-0431-467C-B1BC-B452BDA0DD28}.Release|Any CPU.Build.0 = Release|Any CPU
		{7976F995-8242-4EC2-B90F-8AFF47806365}.Debug|Any CPU.ActiveCfg = Debug|Any CPU
		{7976F995-8242-4EC2-B90F-8AFF47806365}.Debug|Any CPU.Build.0 = Debug|Any CPU
		{7976F995-8242-4EC2-B90F-8AFF47806365}.Release|Any CPU.ActiveCfg = Release|Any CPU
		{7976F995-8242-4EC2-B90F-8AFF47806365}.Release|Any CPU.Build.0 = Release|Any CPU
		{AE47CB97-7FB9-46C6-B62D-F6ABB9BD3DE8}.Debug|Any CPU.ActiveCfg = Debug|Any CPU
		{AE47CB97-7FB9-46C6-B62D-F6ABB9BD3DE8}.Debug|Any CPU.Build.0 = Debug|Any CPU
		{AE47CB97-7FB9-46C6-B62D-F6ABB9BD3DE8}.Release|Any CPU.ActiveCfg = Release|Any CPU
		{AE47CB97-7FB9-46C6-B62D-F6ABB9BD3DE8}.Release|Any CPU.Build.0 = Release|Any CPU
		{8C38BB75-F74A-4EE9-8E27-053BB66C1E73}.Debug|Any CPU.ActiveCfg = Debug|Any CPU
		{8C38BB75-F74A-4EE9-8E27-053BB66C1E73}.Debug|Any CPU.Build.0 = Debug|Any CPU
		{8C38BB75-F74A-4EE9-8E27-053BB66C1E73}.Release|Any CPU.ActiveCfg = Release|Any CPU
		{8C38BB75-F74A-4EE9-8E27-053BB66C1E73}.Release|Any CPU.Build.0 = Release|Any CPU
	EndGlobalSection
	GlobalSection(SolutionProperties) = preSolution
		HideSolutionNode = FALSE
	EndGlobalSection
	GlobalSection(ExtensibilityGlobals) = postSolution
		SolutionGuid = {135EE782-716B-4032-A237-7C40228999D0}
	EndGlobalSection
EndGlobal
